// !$*UTF8*$!
{
	archiveVersion = 1;
	classes = {
	};
	objectVersion = 56;
	objects = {

/* Begin PBXBuildFile section */
		78169DCC2AA952A500548F72 /* AllListsViewController.swift in Sources */ = {isa = PBXBuildFile; fileRef = 78169DCA2AA952A500548F72 /* AllListsViewController.swift */; };
		78169DD12AA95D7C00548F72 /* Checklist.swift in Sources */ = {isa = PBXBuildFile; fileRef = 78169DD02AA95D7C00548F72 /* Checklist.swift */; };
		7831DEBB2AAB1B8300095E36 /* ListDetailViewController.swift in Sources */ = {isa = PBXBuildFile; fileRef = 7831DEBA2AAB1B8300095E36 /* ListDetailViewController.swift */; };
		7831DEBD2AAD9B0500095E36 /* DataModel.swift in Sources */ = {isa = PBXBuildFile; fileRef = 7831DEBC2AAD9B0500095E36 /* DataModel.swift */; };
		7831DEE92AB3FA4A00095E36 /* README.md in Resources */ = {isa = PBXBuildFile; fileRef = 7831DEE82AB3FA4A00095E36 /* README.md */; };
		7849AB1B2A9F038B007CB573 /* CheckListItem.swift in Sources */ = {isa = PBXBuildFile; fileRef = 7849AB1A2A9F038B007CB573 /* CheckListItem.swift */; };
		7849AB1D2A9F1E70007CB573 /* ItemDetailViewController.swift in Sources */ = {isa = PBXBuildFile; fileRef = 7849AB1C2A9F1E70007CB573 /* ItemDetailViewController.swift */; };
		78635B9E2A9C45A000480CFC /* AppDelegate.swift in Sources */ = {isa = PBXBuildFile; fileRef = 78635B9D2A9C45A000480CFC /* AppDelegate.swift */; };
		78635BA02A9C45A000480CFC /* SceneDelegate.swift in Sources */ = {isa = PBXBuildFile; fileRef = 78635B9F2A9C45A000480CFC /* SceneDelegate.swift */; };
		78635BA52A9C45A000480CFC /* Main.storyboard in Resources */ = {isa = PBXBuildFile; fileRef = 78635BA32A9C45A000480CFC /* Main.storyboard */; };
		78635BA72A9C45A100480CFC /* Assets.xcassets in Resources */ = {isa = PBXBuildFile; fileRef = 78635BA62A9C45A100480CFC /* Assets.xcassets */; };
		78635BB42A9C55AE00480CFC /* CheckListViewController.swift in Sources */ = {isa = PBXBuildFile; fileRef = 78635BB32A9C55AE00480CFC /* CheckListViewController.swift */; };
/* End PBXBuildFile section */

/* Begin PBXFileReference section */
		78169DCA2AA952A500548F72 /* AllListsViewController.swift */ = {isa = PBXFileReference; lastKnownFileType = sourcecode.swift; path = AllListsViewController.swift; sourceTree = "<group>"; };
		78169DD02AA95D7C00548F72 /* Checklist.swift */ = {isa = PBXFileReference; lastKnownFileType = sourcecode.swift; path = Checklist.swift; sourceTree = "<group>"; };
		7831DEBA2AAB1B8300095E36 /* ListDetailViewController.swift */ = {isa = PBXFileReference; lastKnownFileType = sourcecode.swift; path = ListDetailViewController.swift; sourceTree = "<group>"; };
		7831DEBC2AAD9B0500095E36 /* DataModel.swift */ = {isa = PBXFileReference; lastKnownFileType = sourcecode.swift; path = DataModel.swift; sourceTree = "<group>"; };
		7831DEE82AB3FA4A00095E36 /* README.md */ = {isa = PBXFileReference; lastKnownFileType = net.daringfireball.markdown; path = README.md; sourceTree = "<group>"; };
		7849AB1A2A9F038B007CB573 /* CheckListItem.swift */ = {isa = PBXFileReference; lastKnownFileType = sourcecode.swift; path = CheckListItem.swift; sourceTree = "<group>"; };
		7849AB1C2A9F1E70007CB573 /* ItemDetailViewController.swift */ = {isa = PBXFileReference; lastKnownFileType = sourcecode.swift; path = ItemDetailViewController.swift; sourceTree = "<group>"; };
		78635B9A2A9C45A000480CFC /* ToDoList.app */ = {isa = PBXFileReference; explicitFileType = wrapper.application; includeInIndex = 0; path = ToDoList.app; sourceTree = BUILT_PRODUCTS_DIR; };
		78635B9D2A9C45A000480CFC /* AppDelegate.swift */ = {isa = PBXFileReference; lastKnownFileType = sourcecode.swift; path = AppDelegate.swift; sourceTree = "<group>"; };
		78635B9F2A9C45A000480CFC /* SceneDelegate.swift */ = {isa = PBXFileReference; lastKnownFileType = sourcecode.swift; path = SceneDelegate.swift; sourceTree = "<group>"; };
		78635BA42A9C45A000480CFC /* Base */ = {isa = PBXFileReference; lastKnownFileType = file.storyboard; name = Base; path = Base.lproj/Main.storyboard; sourceTree = "<group>"; };
		78635BA62A9C45A100480CFC /* Assets.xcassets */ = {isa = PBXFileReference; lastKnownFileType = folder.assetcatalog; path = Assets.xcassets; sourceTree = "<group>"; };
		78635BAB2A9C45A100480CFC /* Info.plist */ = {isa = PBXFileReference; lastKnownFileType = text.plist.xml; path = Info.plist; sourceTree = "<group>"; };
		78635BB32A9C55AE00480CFC /* CheckListViewController.swift */ = {isa = PBXFileReference; lastKnownFileType = sourcecode.swift; path = CheckListViewController.swift; sourceTree = "<group>"; };
/* End PBXFileReference section */

/* Begin PBXFrameworksBuildPhase section */
		78635B972A9C45A000480CFC /* Frameworks */ = {
			isa = PBXFrameworksBuildPhase;
			buildActionMask = 2147483647;
			files = (
			);
			runOnlyForDeploymentPostprocessing = 0;
		};
/* End PBXFrameworksBuildPhase section */

/* Begin PBXGroup section */
		7831DEEA2AB41EBA00095E36 /* Data Models */ = {
			isa = PBXGroup;
			children = (
				7831DEBC2AAD9B0500095E36 /* DataModel.swift */,
				78169DD02AA95D7C00548F72 /* Checklist.swift */,
				7849AB1A2A9F038B007CB573 /* CheckListItem.swift */,
			);
			path = "Data Models";
			sourceTree = "<group>";
		};
		7831DEEB2AB41ECF00095E36 /* View Controllers */ = {
			isa = PBXGroup;
			children = (
				78169DCA2AA952A500548F72 /* AllListsViewController.swift */,
				7831DEBA2AAB1B8300095E36 /* ListDetailViewController.swift */,
				78635BB32A9C55AE00480CFC /* CheckListViewController.swift */,
				7849AB1C2A9F1E70007CB573 /* ItemDetailViewController.swift */,
			);
			path = "View Controllers";
			sourceTree = "<group>";
		};
		7831DEEC2AB41EE300095E36 /* Resources */ = {
			isa = PBXGroup;
			children = (
				78635BA32A9C45A000480CFC /* Main.storyboard */,
				78635BA62A9C45A100480CFC /* Assets.xcassets */,
			);
			path = Resources;
			sourceTree = "<group>";
		};
		78635B912A9C45A000480CFC = {
			isa = PBXGroup;
			children = (
				78635B9C2A9C45A000480CFC /* ToDoList */,
				7831DEE82AB3FA4A00095E36 /* README.md */,
				78635B9B2A9C45A000480CFC /* Products */,
			);
			sourceTree = "<group>";
		};
		78635B9B2A9C45A000480CFC /* Products */ = {
			isa = PBXGroup;
			children = (
				78635B9A2A9C45A000480CFC /* ToDoList.app */,
			);
			name = Products;
			sourceTree = "<group>";
		};
		78635B9C2A9C45A000480CFC /* ToDoList */ = {
			isa = PBXGroup;
			children = (
				7831DEEA2AB41EBA00095E36 /* Data Models */,
				7831DEEB2AB41ECF00095E36 /* View Controllers */,
				7831DEEC2AB41EE300095E36 /* Resources */,
				78635BAB2A9C45A100480CFC /* Info.plist */,
				78635B9D2A9C45A000480CFC /* AppDelegate.swift */,
				78635B9F2A9C45A000480CFC /* SceneDelegate.swift */,
			);
			path = ToDoList;
			sourceTree = "<group>";
		};
/* End PBXGroup section */

/* Begin PBXNativeTarget section */
		78635B992A9C45A000480CFC /* ToDoList */ = {
			isa = PBXNativeTarget;
			buildConfigurationList = 78635BAE2A9C45A100480CFC /* Build configuration list for PBXNativeTarget "ToDoList" */;
			buildPhases = (
				78635B962A9C45A000480CFC /* Sources */,
				78635B972A9C45A000480CFC /* Frameworks */,
				78635B982A9C45A000480CFC /* Resources */,
			);
			buildRules = (
			);
			dependencies = (
			);
			name = ToDoList;
			productName = ToDoList;
			productReference = 78635B9A2A9C45A000480CFC /* ToDoList.app */;
			productType = "com.apple.product-type.application";
		};
/* End PBXNativeTarget section */

/* Begin PBXProject section */
		78635B922A9C45A000480CFC /* Project object */ = {
			isa = PBXProject;
			attributes = {
				BuildIndependentTargetsInParallel = 1;
				LastSwiftUpdateCheck = 1430;
				LastUpgradeCheck = 1430;
				TargetAttributes = {
					78635B992A9C45A000480CFC = {
						CreatedOnToolsVersion = 14.3.1;
					};
				};
			};
			buildConfigurationList = 78635B952A9C45A000480CFC /* Build configuration list for PBXProject "ToDoList" */;
			compatibilityVersion = "Xcode 14.0";
			developmentRegion = en;
			hasScannedForEncodings = 0;
			knownRegions = (
				en,
				Base,
			);
			mainGroup = 78635B912A9C45A000480CFC;
			productRefGroup = 78635B9B2A9C45A000480CFC /* Products */;
			projectDirPath = "";
			projectRoot = "";
			targets = (
				78635B992A9C45A000480CFC /* ToDoList */,
			);
		};
/* End PBXProject section */

/* Begin PBXResourcesBuildPhase section */
		78635B982A9C45A000480CFC /* Resources */ = {
			isa = PBXResourcesBuildPhase;
			buildActionMask = 2147483647;
			files = (
				78635BA72A9C45A100480CFC /* Assets.xcassets in Resources */,
				7831DEE92AB3FA4A00095E36 /* README.md in Resources */,
				78635BA52A9C45A000480CFC /* Main.storyboard in Resources */,
			);
			runOnlyForDeploymentPostprocessing = 0;
		};
/* End PBXResourcesBuildPhase section */

/* Begin PBXSourcesBuildPhase section */
		78635B962A9C45A000480CFC /* Sources */ = {
			isa = PBXSourcesBuildPhase;
			buildActionMask = 2147483647;
			files = (
				7849AB1D2A9F1E70007CB573 /* ItemDetailViewController.swift in Sources */,
				78635B9E2A9C45A000480CFC /* AppDelegate.swift in Sources */,
				78169DCC2AA952A500548F72 /* AllListsViewController.swift in Sources */,
				78635BB42A9C55AE00480CFC /* CheckListViewController.swift in Sources */,
				78635BA02A9C45A000480CFC /* SceneDelegate.swift in Sources */,
				7849AB1B2A9F038B007CB573 /* CheckListItem.swift in Sources */,
				78169DD12AA95D7C00548F72 /* Checklist.swift in Sources */,
				7831DEBB2AAB1B8300095E36 /* ListDetailViewController.swift in Sources */,
				7831DEBD2AAD9B0500095E36 /* DataModel.swift in Sources */,
			);
			runOnlyForDeploymentPostprocessing = 0;
		};
/* End PBXSourcesBuildPhase section */

/* Begin PBXVariantGroup section */
		78635BA32A9C45A000480CFC /* Main.storyboard */ = {
			isa = PBXVariantGroup;
			children = (
				78635BA42A9C45A000480CFC /* Base */,
			);
			name = Main.storyboard;
			sourceTree = "<group>";
		};
/* End PBXVariantGroup section */

/* Begin XCBuildConfiguration section */
		78635BAC2A9C45A100480CFC /* Debug */ = {
			isa = XCBuildConfiguration;
			buildSettings = {
				ALWAYS_SEARCH_USER_PATHS = NO;
				CLANG_ANALYZER_NONNULL = YES;
				CLANG_ANALYZER_NUMBER_OBJECT_CONVERSION = YES_AGGRESSIVE;
				CLANG_CXX_LANGUAGE_STANDARD = "gnu++20";
				CLANG_ENABLE_MODULES = YES;
				CLANG_ENABLE_OBJC_ARC = YES;
				CLANG_ENABLE_OBJC_WEAK = YES;
				CLANG_WARN_BLOCK_CAPTURE_AUTORELEASING = YES;
				CLANG_WARN_BOOL_CONVERSION = YES;
				CLANG_WARN_COMMA = YES;
				CLANG_WARN_CONSTANT_CONVERSION = YES;
				CLANG_WARN_DEPRECATED_OBJC_IMPLEMENTATIONS = YES;
				CLANG_WARN_DIRECT_OBJC_ISA_USAGE = YES_ERROR;
				CLANG_WARN_DOCUMENTATION_COMMENTS = YES;
				CLANG_WARN_EMPTY_BODY = YES;
				CLANG_WARN_ENUM_CONVERSION = YES;
				CLANG_WARN_INFINITE_RECURSION = YES;
				CLANG_WARN_INT_CONVERSION = YES;
				CLANG_WARN_NON_LITERAL_NULL_CONVERSION = YES;
				CLANG_WARN_OBJC_IMPLICIT_RETAIN_SELF = YES;
				CLANG_WARN_OBJC_LITERAL_CONVERSION = YES;
				CLANG_WARN_OBJC_ROOT_CLASS = YES_ERROR;
				CLANG_WARN_QUOTED_INCLUDE_IN_FRAMEWORK_HEADER = YES;
				CLANG_WARN_RANGE_LOOP_ANALYSIS = YES;
				CLANG_WARN_STRICT_PROTOTYPES = YES;
				CLANG_WARN_SUSPICIOUS_MOVE = YES;
				CLANG_WARN_UNGUARDED_AVAILABILITY = YES_AGGRESSIVE;
				CLANG_WARN_UNREACHABLE_CODE = YES;
				CLANG_WARN__DUPLICATE_METHOD_MATCH = YES;
				COPY_PHASE_STRIP = NO;
				DEBUG_INFORMATION_FORMAT = dwarf;
				ENABLE_STRICT_OBJC_MSGSEND = YES;
				ENABLE_TESTABILITY = YES;
				GCC_C_LANGUAGE_STANDARD = gnu11;
				GCC_DYNAMIC_NO_PIC = NO;
				GCC_NO_COMMON_BLOCKS = YES;
				GCC_OPTIMIZATION_LEVEL = 0;
				GCC_PREPROCESSOR_DEFINITIONS = (
					"DEBUG=1",
					"$(inherited)",
				);
				GCC_WARN_64_TO_32_BIT_CONVERSION = YES;
				GCC_WARN_ABOUT_RETURN_TYPE = YES_ERROR;
				GCC_WARN_UNDECLARED_SELECTOR = YES;
				GCC_WARN_UNINITIALIZED_AUTOS = YES_AGGRESSIVE;
				GCC_WARN_UNUSED_FUNCTION = YES;
				GCC_WARN_UNUSED_VARIABLE = YES;
				IPHONEOS_DEPLOYMENT_TARGET = 16.4;
				MTL_ENABLE_DEBUG_INFO = INCLUDE_SOURCE;
				MTL_FAST_MATH = YES;
				ONLY_ACTIVE_ARCH = YES;
				SDKROOT = iphoneos;
				SWIFT_ACTIVE_COMPILATION_CONDITIONS = DEBUG;
				SWIFT_OPTIMIZATION_LEVEL = "-Onone";
			};
			name = Debug;
		};
		78635BAD2A9C45A100480CFC /* Release */ = {
			isa = XCBuildConfiguration;
			buildSettings = {
				ALWAYS_SEARCH_USER_PATHS = NO;
				CLANG_ANALYZER_NONNULL = YES;
				CLANG_ANALYZER_NUMBER_OBJECT_CONVERSION = YES_AGGRESSIVE;
				CLANG_CXX_LANGUAGE_STANDARD = "gnu++20";
				CLANG_ENABLE_MODULES = YES;
				CLANG_ENABLE_OBJC_ARC = YES;
				CLANG_ENABLE_OBJC_WEAK = YES;
				CLANG_WARN_BLOCK_CAPTURE_AUTORELEASING = YES;
				CLANG_WARN_BOOL_CONVERSION = YES;
				CLANG_WARN_COMMA = YES;
				CLANG_WARN_CONSTANT_CONVERSION = YES;
				CLANG_WARN_DEPRECATED_OBJC_IMPLEMENTATIONS = YES;
				CLANG_WARN_DIRECT_OBJC_ISA_USAGE = YES_ERROR;
				CLANG_WARN_DOCUMENTATION_COMMENTS = YES;
				CLANG_WARN_EMPTY_BODY = YES;
				CLANG_WARN_ENUM_CONVERSION = YES;
				CLANG_WARN_INFINITE_RECURSION = YES;
				CLANG_WARN_INT_CONVERSION = YES;
				CLANG_WARN_NON_LITERAL_NULL_CONVERSION = YES;
				CLANG_WARN_OBJC_IMPLICIT_RETAIN_SELF = YES;
				CLANG_WARN_OBJC_LITERAL_CONVERSION = YES;
				CLANG_WARN_OBJC_ROOT_CLASS = YES_ERROR;
				CLANG_WARN_QUOTED_INCLUDE_IN_FRAMEWORK_HEADER = YES;
				CLANG_WARN_RANGE_LOOP_ANALYSIS = YES;
				CLANG_WARN_STRICT_PROTOTYPES = YES;
				CLANG_WARN_SUSPICIOUS_MOVE = YES;
				CLANG_WARN_UNGUARDED_AVAILABILITY = YES_AGGRESSIVE;
				CLANG_WARN_UNREACHABLE_CODE = YES;
				CLANG_WARN__DUPLICATE_METHOD_MATCH = YES;
				COPY_PHASE_STRIP = NO;
				DEBUG_INFORMATION_FORMAT = "dwarf-with-dsym";
				ENABLE_NS_ASSERTIONS = NO;
				ENABLE_STRICT_OBJC_MSGSEND = YES;
				GCC_C_LANGUAGE_STANDARD = gnu11;
				GCC_NO_COMMON_BLOCKS = YES;
				GCC_WARN_64_TO_32_BIT_CONVERSION = YES;
				GCC_WARN_ABOUT_RETURN_TYPE = YES_ERROR;
				GCC_WARN_UNDECLARED_SELECTOR = YES;
				GCC_WARN_UNINITIALIZED_AUTOS = YES_AGGRESSIVE;
				GCC_WARN_UNUSED_FUNCTION = YES;
				GCC_WARN_UNUSED_VARIABLE = YES;
				IPHONEOS_DEPLOYMENT_TARGET = 16.4;
				MTL_ENABLE_DEBUG_INFO = NO;
				MTL_FAST_MATH = YES;
				SDKROOT = iphoneos;
				SWIFT_COMPILATION_MODE = wholemodule;
				SWIFT_OPTIMIZATION_LEVEL = "-O";
				VALIDATE_PRODUCT = YES;
			};
			name = Release;
		};
		78635BAF2A9C45A100480CFC /* Debug */ = {
			isa = XCBuildConfiguration;
			buildSettings = {
				ASSETCATALOG_COMPILER_APPICON_NAME = AppIcon;
				ASSETCATALOG_COMPILER_GLOBAL_ACCENT_COLOR_NAME = AccentColor;
				ASSETCATALOG_COMPILER_INCLUDE_ALL_APPICON_ASSETS = NO;
				CODE_SIGN_STYLE = Automatic;
				CURRENT_PROJECT_VERSION = 1;
				GENERATE_INFOPLIST_FILE = YES;
				INFOPLIST_FILE = ToDoList/Info.plist;
				INFOPLIST_KEY_UIApplicationSupportsIndirectInputEvents = YES;
				INFOPLIST_KEY_UILaunchStoryboardName = Main.storyboard;
				INFOPLIST_KEY_UIMainStoryboardFile = Main;
				INFOPLIST_KEY_UISupportedInterfaceOrientations = "UIInterfaceOrientationPortrait UIInterfaceOrientationPortraitUpsideDown";
				LD_RUNPATH_SEARCH_PATHS = (
					"$(inherited)",
					"@executable_path/Frameworks",
				);
				MARKETING_VERSION = 1.0;
				PRODUCT_BUNDLE_IDENTIFIER = anikin02.ToDoList;
				PRODUCT_NAME = "$(TARGET_NAME)";
				SWIFT_EMIT_LOC_STRINGS = YES;
				SWIFT_VERSION = 5.0;
				TARGETED_DEVICE_FAMILY = "1,2";
			};
			name = Debug;
		};
		78635BB02A9C45A100480CFC /* Release */ = {
			isa = XCBuildConfiguration;
			buildSettings = {
				ASSETCATALOG_COMPILER_APPICON_NAME = AppIcon;
				ASSETCATALOG_COMPILER_GLOBAL_ACCENT_COLOR_NAME = AccentColor;
				ASSETCATALOG_COMPILER_INCLUDE_ALL_APPICON_ASSETS = NO;
				CODE_SIGN_STYLE = Automatic;
				CURRENT_PROJECT_VERSION = 1;
				GENERATE_INFOPLIST_FILE = YES;
				INFOPLIST_FILE = ToDoList/Info.plist;
				INFOPLIST_KEY_UIApplicationSupportsIndirectInputEvents = YES;
				INFOPLIST_KEY_UILaunchStoryboardName = Main.storyboard;
				INFOPLIST_KEY_UIMainStoryboardFile = Main;
				INFOPLIST_KEY_UISupportedInterfaceOrientations = "UIInterfaceOrientationPortrait UIInterfaceOrientationPortraitUpsideDown";
				LD_RUNPATH_SEARCH_PATHS = (
					"$(inherited)",
					"@executable_path/Frameworks",
				);
				MARKETING_VERSION = 1.0;
				PRODUCT_BUNDLE_IDENTIFIER = anikin02.ToDoList;
				PRODUCT_NAME = "$(TARGET_NAME)";
				SWIFT_EMIT_LOC_STRINGS = YES;
				SWIFT_VERSION = 5.0;
				TARGETED_DEVICE_FAMILY = "1,2";
			};
			name = Release;
		};
/* End XCBuildConfiguration section */

/* Begin XCConfigurationList section */
		78635B952A9C45A000480CFC /* Build configuration list for PBXProject "ToDoList" */ = {
			isa = XCConfigurationList;
			buildConfigurations = (
				78635BAC2A9C45A100480CFC /* Debug */,
				78635BAD2A9C45A100480CFC /* Release */,
			);
			defaultConfigurationIsVisible = 0;
			defaultConfigurationName = Release;
		};
		78635BAE2A9C45A100480CFC /* Build configuration list for PBXNativeTarget "ToDoList" */ = {
			isa = XCConfigurationList;
			buildConfigurations = (
				78635BAF2A9C45A100480CFC /* Debug */,
				78635BB02A9C45A100480CFC /* Release */,
			);
			defaultConfigurationIsVisible = 0;
			defaultConfigurationName = Release;
		};
/* End XCConfigurationList section */
	};
	rootObject = 78635B922A9C45A000480CFC /* Project object */;
}
